// !$*UTF8*$!
{
	archiveVersion = 1;
	classes = {
	};
	objectVersion = 77;
	objects = {

/* Begin PBXBuildFile section */
		93F35FBE2F9899AB009E8F06 /* .gitignore in Resources */ = {isa = PBXBuildFile; fileRef = 93F35FBD2F9899AB009E8F06 /* .gitignore */; };
		93F35FC02F989B1C009E8F06 /* APIKey.swift in Sources */ = {isa = PBXBuildFile; fileRef = 93F35FBF2F989B1C009E8F06 /* APIKey.swift */; };
		93F35FC22F98B1AD009E8F06 /* .claudeignore in Resources */ = {isa = PBXBuildFile; fileRef = 93F35FC12F98B1AD009E8F06 /* .claudeignore */; };
/* End PBXBuildFile section */

/* Begin PBXContainerItemProxy section */
		93F35F9F2F989879009E8F06 /* PBXContainerItemProxy */ = {
			isa = PBXContainerItemProxy;
			containerPortal = 93F35F892F989877009E8F06 /* Project object */;
			proxyType = 1;
			remoteGlobalIDString = 93F35F902F989877009E8F06;
			remoteInfo = "LSLP-iOS";
		};
		93F35FA92F989879009E8F06 /* PBXContainerItemProxy */ = {
			isa = PBXContainerItemProxy;
			containerPortal = 93F35F892F989877009E8F06 /* Project object */;
			proxyType = 1;
			remoteGlobalIDString = 93F35F902F989877009E8F06;
			remoteInfo = "LSLP-iOS";
		};
/* End PBXContainerItemProxy section */

/* Begin PBXFileReference section */
		93F35F912F989877009E8F06 /* LSLP-iOS.app */ = {isa = PBXFileReference; explicitFileType = wrapper.application; includeInIndex = 0; path = "LSLP-iOS.app"; sourceTree = BUILT_PRODUCTS_DIR; };
		93F35F9E2F989879009E8F06 /* LSLP-iOSTests.xctest */ = {isa = PBXFileReference; explicitFileType = wrapper.cfbundle; includeInIndex = 0; path = "LSLP-iOSTests.xctest"; sourceTree = BUILT_PRODUCTS_DIR; };
		93F35FA82F989879009E8F06 /* LSLP-iOSUITests.xctest */ = {isa = PBXFileReference; explicitFileType = wrapper.cfbundle; includeInIndex = 0; path = "LSLP-iOSUITests.xctest"; sourceTree = BUILT_PRODUCTS_DIR; };
		93F35FBD2F9899AB009E8F06 /* .gitignore */ = {isa = PBXFileReference; lastKnownFileType = text; path = .gitignore; sourceTree = "<group>"; };
		93F35FBF2F989B1C009E8F06 /* APIKey.swift */ = {isa = PBXFileReference; lastKnownFileType = sourcecode.swift; path = APIKey.swift; sourceTree = "<group>"; };
		93F35FC12F98B1AD009E8F06 /* .claudeignore */ = {isa = PBXFileReference; lastKnownFileType = text; path = .claudeignore; sourceTree = "<group>"; };
/* End PBXFileReference section */

/* Begin PBXFileSystemSynchronizedRootGroup section */
		93F35F932F989877009E8F06 /* LSLP-iOS */ = {
			isa = PBXFileSystemSynchronizedRootGroup;
			path = "LSLP-iOS";
			sourceTree = "<group>";
		};
		93F35FA12F989879009E8F06 /* LSLP-iOSTests */ = {
			isa = PBXFileSystemSynchronizedRootGroup;
			path = "LSLP-iOSTests";
			sourceTree = "<group>";
		};
		93F35FAB2F989879009E8F06 /* LSLP-iOSUITests */ = {
			isa = PBXFileSystemSynchronizedRootGroup;
			path = "LSLP-iOSUITests";
			sourceTree = "<group>";
		};
/* End PBXFileSystemSynchronizedRootGroup section */

/* Begin PBXFrameworksBuildPhase section */
		93F35F8E2F989877009E8F06 /* Frameworks */ = {
			isa = PBXFrameworksBuildPhase;
			buildActionMask = 2147483647;
			files = (
			);
			runOnlyForDeploymentPostprocessing = 0;
		};
		93F35F9B2F989879009E8F06 /* Frameworks */ = {
			isa = PBXFrameworksBuildPhase;
			buildActionMask = 2147483647;
			files = (
			);
			runOnlyForDeploymentPostprocessing = 0;
		};
		93F35FA52F989879009E8F06 /* Frameworks */ = {
			isa = PBXFrameworksBuildPhase;
			buildActionMask = 2147483647;
			files = (
			);
			runOnlyForDeploymentPostprocessing = 0;
		};
/* End PBXFrameworksBuildPhase section */

/* Begin PBXGroup section */
		93F35F882F989877009E8F06 = {
			isa = PBXGroup;
			children = (
				93F35FC12F98B1AD009E8F06 /* .claudeignore */,
				93F35FBF2F989B1C009E8F06 /* APIKey.swift */,
				93F35FBD2F9899AB009E8F06 /* .gitignore */,
				93F35F932F989877009E8F06 /* LSLP-iOS */,
				93F35FA12F989879009E8F06 /* LSLP-iOSTests */,
				93F35FAB2F989879009E8F06 /* LSLP-iOSUITests */,
				93F35F922F989877009E8F06 /* Products */,
			);
			sourceTree = "<group>";
		};
		93F35F922F989877009E8F06 /* Products */ = {
			isa = PBXGroup;
			children = (
				93F35F912F989877009E8F06 /* LSLP-iOS.app */,
				93F35F9E2F989879009E8F06 /* LSLP-iOSTests.xctest */,
				93F35FA82F989879009E8F06 /* LSLP-iOSUITests.xctest */,
			);
			name = Products;
			sourceTree = "<group>";
		};
/* End PBXGroup section */

/* Begin PBXNativeTarget section */
		93F35F902F989877009E8F06 /* LSLP-iOS */ = {
			isa = PBXNativeTarget;
			buildConfigurationList = 93F35FB22F989879009E8F06 /* Build configuration list for PBXNativeTarget "LSLP-iOS" */;
			buildPhases = (
				93F35F8D2F989877009E8F06 /* Sources */,
				93F35F8E2F989877009E8F06 /* Frameworks */,
				93F35F8F2F989877009E8F06 /* Resources */,
			);
			buildRules = (
			);
			dependencies = (
			);
			fileSystemSynchronizedGroups = (
				93F35F932F989877009E8F06 /* LSLP-iOS */,
			);
			name = "LSLP-iOS";
			packageProductDependencies = (
			);
			productName = "LSLP-iOS";
			productReference = 93F35F912F989877009E8F06 /* LSLP-iOS.app */;
			productType = "com.apple.product-type.application";
		};
		93F35F9D2F989879009E8F06 /* LSLP-iOSTests */ = {
			isa = PBXNativeTarget;
			buildConfigurationList = 93F35FB52F989879009E8F06 /* Build configuration list for PBXNativeTarget "LSLP-iOSTests" */;
			buildPhases = (
				93F35F9A2F989879009E8F06 /* Sources */,
				93F35F9B2F989879009E8F06 /* Frameworks */,
				93F35F9C2F989879009E8F06 /* Resources */,
			);
			buildRules = (
			);
			dependencies = (
				93F35FA02F989879009E8F06 /* PBXTargetDependency */,
			);
			fileSystemSynchronizedGroups = (
				93F35FA12F989879009E8F06 /* LSLP-iOSTests */,
			);
			name = "LSLP-iOSTests";
			packageProductDependencies = (
			);
			productName = "LSLP-iOSTests";
			productReference = 93F35F9E2F989879009E8F06 /* LSLP-iOSTests.xctest */;
			productType = "com.apple.product-type.bundle.unit-test";
		};
		93F35FA72F989879009E8F06 /* LSLP-iOSUITests */ = {
			isa = PBXNativeTarget;
			buildConfigurationList = 93F35FB82F989879009E8F06 /* Build configuration list for PBXNativeTarget "LSLP-iOSUITests" */;
			buildPhases = (
				93F35FA42F989879009E8F06 /* Sources */,
				93F35FA52F989879009E8F06 /* Frameworks */,
				93F35FA62F989879009E8F06 /* Resources */,
			);
			buildRules = (
			);
			dependencies = (
				93F35FAA2F989879009E8F06 /* PBXTargetDependency */,
			);
			fileSystemSynchronizedGroups = (
				93F35FAB2F989879009E8F06 /* LSLP-iOSUITests */,
			);
			name = "LSLP-iOSUITests";
			packageProductDependencies = (
			);
			productName = "LSLP-iOSUITests";
			productReference = 93F35FA82F989879009E8F06 /* LSLP-iOSUITests.xctest */;
			productType = "com.apple.product-type.bundle.ui-testing";
		};
/* End PBXNativeTarget section */

/* Begin PBXProject section */
		93F35F892F989877009E8F06 /* Project object */ = {
			isa = PBXProject;
			attributes = {
				BuildIndependentTargetsInParallel = 1;
				LastSwiftUpdateCheck = 2630;
				LastUpgradeCheck = 2630;
				TargetAttributes = {
					93F35F902F989877009E8F06 = {
						CreatedOnToolsVersion = 26.3;
					};
					93F35F9D2F989879009E8F06 = {
						CreatedOnToolsVersion = 26.3;
						TestTargetID = 93F35F902F989877009E8F06;
					};
					93F35FA72F989879009E8F06 = {
						CreatedOnToolsVersion = 26.3;
						TestTargetID = 93F35F902F989877009E8F06;
					};
				};
			};
			buildConfigurationList = 93F35F8C2F989877009E8F06 /* Build configuration list for PBXProject "LSLP-iOS" */;
			developmentRegion = en;
			hasScannedForEncodings = 0;
			knownRegions = (
				en,
				Base,
			);
			mainGroup = 93F35F882F989877009E8F06;
			minimizedProjectReferenceProxies = 1;
			preferredProjectObjectVersion = 77;
			productRefGroup = 93F35F922F989877009E8F06 /* Products */;
			projectDirPath = "";
			projectRoot = "";
			targets = (
				93F35F902F989877009E8F06 /* LSLP-iOS */,
				93F35F9D2F989879009E8F06 /* LSLP-iOSTests */,
				93F35FA72F989879009E8F06 /* LSLP-iOSUITests */,
			);
		};
/* End PBXProject section */

/* Begin PBXResourcesBuildPhase section */
		93F35F8F2F989877009E8F06 /* Resources */ = {
			isa = PBXResourcesBuildPhase;
			buildActionMask = 2147483647;
			files = (
				93F35FBE2F9899AB009E8F06 /* .gitignore in Resources */,
				93F35FC22F98B1AD009E8F06 /* .claudeignore in Resources */,
			);
			runOnlyForDeploymentPostprocessing = 0;
		};
		93F35F9C2F989879009E8F06 /* Resources */ = {
			isa = PBXResourcesBuildPhase;
			buildActionMask = 2147483647;
			files = (
			);
			runOnlyForDeploymentPostprocessing = 0;
		};
		93F35FA62F989879009E8F06 /* Resources */ = {
			isa = PBXResourcesBuildPhase;
			buildActionMask = 2147483647;
			files = (
			);
			runOnlyForDeploymentPostprocessing = 0;
		};
/* End PBXResourcesBuildPhase section */

/* Begin PBXSourcesBuildPhase section */
		93F35F8D2F989877009E8F06 /* Sources */ = {
			isa = PBXSourcesBuildPhase;
			buildActionMask = 2147483647;
			files = (
				93F35FC02F989B1C009E8F06 /* APIKey.swift in Sources */,
			);
			runOnlyForDeploymentPostprocessing = 0;
		};
		93F35F9A2F989879009E8F06 /* Sources */ = {
			isa = PBXSourcesBuildPhase;
			buildActionMask = 2147483647;
			files = (
			);
			runOnlyForDeploymentPostprocessing = 0;
		};
		93F35FA42F989879009E8F06 /* Sources */ = {
			isa = PBXSourcesBuildPhase;
			buildActionMask = 2147483647;
			files = (
			);
			runOnlyForDeploymentPostprocessing = 0;
		};
/* End PBXSourcesBuildPhase section */

/* Begin PBXTargetDependency section */
		93F35FA02F989879009E8F06 /* PBXTargetDependency */ = {
			isa = PBXTargetDependency;
			target = 93F35F902F989877009E8F06 /* LSLP-iOS */;
			targetProxy = 93F35F9F2F989879009E8F06 /* PBXContainerItemProxy */;
		};
		93F35FAA2F989879009E8F06 /* PBXTargetDependency */ = {
			isa = PBXTargetDependency;
			target = 93F35F902F989877009E8F06 /* LSLP-iOS */;
			targetProxy = 93F35FA92F989879009E8F06 /* PBXContainerItemProxy */;
		};
/* End PBXTargetDependency section */

/* Begin XCBuildConfiguration section */
		93F35FB02F989879009E8F06 /* Debug */ = {
			isa = XCBuildConfiguration;
			buildSettings = {
				ALWAYS_SEARCH_USER_PATHS = NO;
				ASSETCATALOG_COMPILER_GENERATE_SWIFT_ASSET_SYMBOL_EXTENSIONS = YES;
				CLANG_ANALYZER_NONNULL = YES;
				CLANG_ANALYZER_NUMBER_OBJECT_CONVERSION = YES_AGGRESSIVE;
				CLANG_CXX_LANGUAGE_STANDARD = "gnu++20";
				CLANG_ENABLE_MODULES = YES;
				CLANG_ENABLE_OBJC_ARC = YES;
				CLANG_ENABLE_OBJC_WEAK = YES;
				CLANG_WARN_BLOCK_CAPTURE_AUTORELEASING = YES;
				CLANG_WARN_BOOL_CONVERSION = YES;
				CLANG_WARN_COMMA = YES;
				CLANG_WARN_CONSTANT_CONVERSION = YES;
				CLANG_WARN_DEPRECATED_OBJC_IMPLEMENTATIONS = YES;
				CLANG_WARN_DIRECT_OBJC_ISA_USAGE = YES_ERROR;
				CLANG_WARN_DOCUMENTATION_COMMENTS = YES;
				CLANG_WARN_EMPTY_BODY = YES;
				CLANG_WARN_ENUM_CONVERSION = YES;
				CLANG_WARN_INFINITE_RECURSION = YES;
				CLANG_WARN_INT_CONVERSION = YES;
				CLANG_WARN_NON_LITERAL_NULL_CONVERSION = YES;
				CLANG_WARN_OBJC_IMPLICIT_RETAIN_SELF = YES;
				CLANG_WARN_OBJC_LITERAL_CONVERSION = YES;
				CLANG_WARN_OBJC_ROOT_CLASS = YES_ERROR;
				CLANG_WARN_QUOTED_INCLUDE_IN_FRAMEWORK_HEADER = YES;
				CLANG_WARN_RANGE_LOOP_ANALYSIS = YES;
				CLANG_WARN_STRICT_PROTOTYPES = YES;
				CLANG_WARN_SUSPICIOUS_MOVE = YES;
				CLANG_WARN_UNGUARDED_AVAILABILITY = YES_AGGRESSIVE;
				CLANG_WARN_UNREACHABLE_CODE = YES;
				CLANG_WARN__DUPLICATE_METHOD_MATCH = YES;
				COPY_PHASE_STRIP = NO;
				DEBUG_INFORMATION_FORMAT = dwarf;
				DEVELOPMENT_TEAM = AFP4TC6CAK;
				ENABLE_STRICT_OBJC_MSGSEND = YES;
				ENABLE_TESTABILITY = YES;
				ENABLE_USER_SCRIPT_SANDBOXING = YES;
				GCC_C_LANGUAGE_STANDARD = gnu17;
				GCC_DYNAMIC_NO_PIC = NO;
				GCC_NO_COMMON_BLOCKS = YES;
				GCC_OPTIMIZATION_LEVEL = 0;
				GCC_PREPROCESSOR_DEFINITIONS = (
					"DEBUG=1",
					"$(inherited)",
				);
				GCC_WARN_64_TO_32_BIT_CONVERSION = YES;
				GCC_WARN_ABOUT_RETURN_TYPE = YES_ERROR;
				GCC_WARN_UNDECLARED_SELECTOR = YES;
				GCC_WARN_UNINITIALIZED_AUTOS = YES_AGGRESSIVE;
				GCC_WARN_UNUSED_FUNCTION = YES;
				GCC_WARN_UNUSED_VARIABLE = YES;
				IPHONEOS_DEPLOYMENT_TARGET = 15.0;
				LOCALIZATION_PREFERS_STRING_CATALOGS = YES;
				MTL_ENABLE_DEBUG_INFO = INCLUDE_SOURCE;
				MTL_FAST_MATH = YES;
				ONLY_ACTIVE_ARCH = YES;
				SDKROOT = iphoneos;
				SWIFT_ACTIVE_COMPILATION_CONDITIONS = "DEBUG $(inherited)";
				SWIFT_OPTIMIZATION_LEVEL = "-Onone";
			};
			name = Debug;
		};
		93F35FB12F989879009E8F06 /* Release */ = {
			isa = XCBuildConfiguration;
			buildSettings = {
				ALWAYS_SEARCH_USER_PATHS = NO;
				ASSETCATALOG_COMPILER_GENERATE_SWIFT_ASSET_SYMBOL_EXTENSIONS = YES;
				CLANG_ANALYZER_NONNULL = YES;
				CLANG_ANALYZER_NUMBER_OBJECT_CONVERSION = YES_AGGRESSIVE;
				CLANG_CXX_LANGUAGE_STANDARD = "gnu++20";
				CLANG_ENABLE_MODULES = YES;
				CLANG_ENABLE_OBJC_ARC = YES;
				CLANG_ENABLE_OBJC_WEAK = YES;
				CLANG_WARN_BLOCK_CAPTURE_AUTORELEASING = YES;
				CLANG_WARN_BOOL_CONVERSION = YES;
				CLANG_WARN_COMMA = YES;
				CLANG_WARN_CONSTANT_CONVERSION = YES;
				CLANG_WARN_DEPRECATED_OBJC_IMPLEMENTATIONS = YES;
				CLANG_WARN_DIRECT_OBJC_ISA_USAGE = YES_ERROR;
				CLANG_WARN_DOCUMENTATION_COMMENTS = YES;
				CLANG_WARN_EMPTY_BODY = YES;
				CLANG_WARN_ENUM_CONVERSION = YES;
				CLANG_WARN_INFINITE_RECURSION = YES;
				CLANG_WARN_INT_CONVERSION = YES;
				CLANG_WARN_NON_LITERAL_NULL_CONVERSION = YES;
				CLANG_WARN_OBJC_IMPLICIT_RETAIN_SELF = YES;
				CLANG_WARN_OBJC_LITERAL_CONVERSION = YES;
				CLANG_WARN_OBJC_ROOT_CLASS = YES_ERROR;
				CLANG_WARN_QUOTED_INCLUDE_IN_FRAMEWORK_HEADER = YES;
				CLANG_WARN_RANGE_LOOP_ANALYSIS = YES;
				CLANG_WARN_STRICT_PROTOTYPES = YES;
				CLANG_WARN_SUSPICIOUS_MOVE = YES;
				CLANG_WARN_UNGUARDED_AVAILABILITY = YES_AGGRESSIVE;
				CLANG_WARN_UNREACHABLE_CODE = YES;
				CLANG_WARN__DUPLICATE_METHOD_MATCH = YES;
				COPY_PHASE_STRIP = NO;
				DEBUG_INFORMATION_FORMAT = "dwarf-with-dsym";
				DEVELOPMENT_TEAM = AFP4TC6CAK;
				ENABLE_NS_ASSERTIONS = NO;
				ENABLE_STRICT_OBJC_MSGSEND = YES;
				ENABLE_USER_SCRIPT_SANDBOXING = YES;
				GCC_C_LANGUAGE_STANDARD = gnu17;
				GCC_NO_COMMON_BLOCKS = YES;
				GCC_WARN_64_TO_32_BIT_CONVERSION = YES;
				GCC_WARN_ABOUT_RETURN_TYPE = YES_ERROR;
				GCC_WARN_UNDECLARED_SELECTOR = YES;
				GCC_WARN_UNINITIALIZED_AUTOS = YES_AGGRESSIVE;
				GCC_WARN_UNUSED_FUNCTION = YES;
				GCC_WARN_UNUSED_VARIABLE = YES;
				IPHONEOS_DEPLOYMENT_TARGET = 15.0;
				LOCALIZATION_PREFERS_STRING_CATALOGS = YES;
				MTL_ENABLE_DEBUG_INFO = NO;
				MTL_FAST_MATH = YES;
				SDKROOT = iphoneos;
				SWIFT_COMPILATION_MODE = wholemodule;
				VALIDATE_PRODUCT = YES;
			};
			name = Release;
		};
		93F35FB32F989879009E8F06 /* Debug */ = {
			isa = XCBuildConfiguration;
			buildSettings = {
				ASSETCATALOG_COMPILER_APPICON_NAME = AppIcon;
				ASSETCATALOG_COMPILER_GLOBAL_ACCENT_COLOR_NAME = AccentColor;
				CODE_SIGN_STYLE = Automatic;
				CURRENT_PROJECT_VERSION = 1;
				DEVELOPMENT_TEAM = AFP4TC6CAK;
				ENABLE_PREVIEWS = YES;
				GENERATE_INFOPLIST_FILE = NO;
				INFOPLIST_FILE = Info.plist;
				IPHONEOS_DEPLOYMENT_TARGET = 15.0;
				LD_RUNPATH_SEARCH_PATHS = (
					"$(inherited)",
					"@executable_path/Frameworks",
				);
				MARKETING_VERSION = 1.0;
				PRODUCT_BUNDLE_IDENTIFIER = "com.hyojung.LSLP-iOS";
				PRODUCT_NAME = "$(TARGET_NAME)";
				STRING_CATALOG_GENERATE_SYMBOLS = YES;
				SWIFT_APPROACHABLE_CONCURRENCY = YES;
				SWIFT_DEFAULT_ACTOR_ISOLATION = MainActor;
				SWIFT_EMIT_LOC_STRINGS = YES;
				SWIFT_UPCOMING_FEATURE_MEMBER_IMPORT_VISIBILITY = YES;
				SWIFT_VERSION = 5.0;
				TARGETED_DEVICE_FAMILY = "1,2";
			};
			name = Debug;
		};
		93F35FB42F989879009E8F06 /* Release */ = {
			isa = XCBuildConfiguration;
			buildSettings = {
				ASSETCATALOG_COMPILER_APPICON_NAME = AppIcon;
				ASSETCATALOG_COMPILER_GLOBAL_ACCENT_COLOR_NAME = AccentColor;
				CODE_SIGN_STYLE = Automatic;
				CURRENT_PROJECT_VERSION = 1;
				DEVELOPMENT_TEAM = AFP4TC6CAK;
				ENABLE_PREVIEWS = YES;
				GENERATE_INFOPLIST_FILE = NO;
				INFOPLIST_FILE = Info.plist;
				IPHONEOS_DEPLOYMENT_TARGET = 15.0;
				LD_RUNPATH_SEARCH_PATHS = (
					"$(inherited)",
					"@executable_path/Frameworks",
				);
				MARKETING_VERSION = 1.0;
				PRODUCT_BUNDLE_IDENTIFIER = "com.hyojung.LSLP-iOS";
				PRODUCT_NAME = "$(TARGET_NAME)";
				STRING_CATALOG_GENERATE_SYMBOLS = YES;
				SWIFT_APPROACHABLE_CONCURRENCY = YES;
				SWIFT_DEFAULT_ACTOR_ISOLATION = MainActor;
				SWIFT_EMIT_LOC_STRINGS = YES;
				SWIFT_UPCOMING_FEATURE_MEMBER_IMPORT_VISIBILITY = YES;
				SWIFT_VERSION = 5.0;
				TARGETED_DEVICE_FAMILY = "1,2";
			};
			name = Release;
		};
		93F35FB62F989879009E8F06 /* Debug */ = {
			isa = XCBuildConfiguration;
			buildSettings = {
				BUNDLE_LOADER = "$(TEST_HOST)";
				CODE_SIGN_STYLE = Automatic;
				CURRENT_PROJECT_VERSION = 1;
				DEVELOPMENT_TEAM = AFP4TC6CAK;
				GENERATE_INFOPLIST_FILE = YES;
				IPHONEOS_DEPLOYMENT_TARGET = 15.0;
				MARKETING_VERSION = 1.0;
				PRODUCT_BUNDLE_IDENTIFIER = "com.hyojung.LSLP-iOSTests";
				PRODUCT_NAME = "$(TARGET_NAME)";
				STRING_CATALOG_GENERATE_SYMBOLS = NO;
				SWIFT_APPROACHABLE_CONCURRENCY = YES;
				SWIFT_EMIT_LOC_STRINGS = NO;
				SWIFT_UPCOMING_FEATURE_MEMBER_IMPORT_VISIBILITY = YES;
				SWIFT_VERSION = 5.0;
				TARGETED_DEVICE_FAMILY = "1,2";
				TEST_HOST = "$(BUILT_PRODUCTS_DIR)/LSLP-iOS.app/$(BUNDLE_EXECUTABLE_FOLDER_PATH)/LSLP-iOS";
			};
			name = Debug;
		};
		93F35FB72F989879009E8F06 /* Release */ = {
			isa = XCBuildConfiguration;
			buildSettings = {
				BUNDLE_LOADER = "$(TEST_HOST)";
				CODE_SIGN_STYLE = Automatic;
				CURRENT_PROJECT_VERSION = 1;
				DEVELOPMENT_TEAM = AFP4TC6CAK;
				GENERATE_INFOPLIST_FILE = YES;
				IPHONEOS_DEPLOYMENT_TARGET = 15.0;
				MARKETING_VERSION = 1.0;
				PRODUCT_BUNDLE_IDENTIFIER = "com.hyojung.LSLP-iOSTests";
				PRODUCT_NAME = "$(TARGET_NAME)";
				STRING_CATALOG_GENERATE_SYMBOLS = NO;
				SWIFT_APPROACHABLE_CONCURRENCY = YES;
				SWIFT_EMIT_LOC_STRINGS = NO;
				SWIFT_UPCOMING_FEATURE_MEMBER_IMPORT_VISIBILITY = YES;
				SWIFT_VERSION = 5.0;
				TARGETED_DEVICE_FAMILY = "1,2";
				TEST_HOST = "$(BUILT_PRODUCTS_DIR)/LSLP-iOS.app/$(BUNDLE_EXECUTABLE_FOLDER_PATH)/LSLP-iOS";
			};
			name = Release;
		};
		93F35FB92F989879009E8F06 /* Debug */ = {
			isa = XCBuildConfiguration;
			buildSettings = {
				CODE_SIGN_STYLE = Automatic;
				CURRENT_PROJECT_VERSION = 1;
				DEVELOPMENT_TEAM = AFP4TC6CAK;
				GENERATE_INFOPLIST_FILE = YES;
				MARKETING_VERSION = 1.0;
				PRODUCT_BUNDLE_IDENTIFIER = "com.hyojung.LSLP-iOSUITests";
				PRODUCT_NAME = "$(TARGET_NAME)";
				STRING_CATALOG_GENERATE_SYMBOLS = NO;
				SWIFT_APPROACHABLE_CONCURRENCY = YES;
				SWIFT_EMIT_LOC_STRINGS = NO;
				SWIFT_UPCOMING_FEATURE_MEMBER_IMPORT_VISIBILITY = YES;
				SWIFT_VERSION = 5.0;
				TARGETED_DEVICE_FAMILY = "1,2";
				TEST_TARGET_NAME = "LSLP-iOS";
			};
			name = Debug;
		};
		93F35FBA2F989879009E8F06 /* Release */ = {
			isa = XCBuildConfiguration;
			buildSettings = {
				CODE_SIGN_STYLE = Automatic;
				CURRENT_PROJECT_VERSION = 1;
				DEVELOPMENT_TEAM = AFP4TC6CAK;
				GENERATE_INFOPLIST_FILE = YES;
				MARKETING_VERSION = 1.0;
				PRODUCT_BUNDLE_IDENTIFIER = "com.hyojung.LSLP-iOSUITests";
				PRODUCT_NAME = "$(TARGET_NAME)";
				STRING_CATALOG_GENERATE_SYMBOLS = NO;
				SWIFT_APPROACHABLE_CONCURRENCY = YES;
				SWIFT_EMIT_LOC_STRINGS = NO;
				SWIFT_UPCOMING_FEATURE_MEMBER_IMPORT_VISIBILITY = YES;
				SWIFT_VERSION = 5.0;
				TARGETED_DEVICE_FAMILY = "1,2";
				TEST_TARGET_NAME = "LSLP-iOS";
			};
			name = Release;
		};
/* End XCBuildConfiguration section */

/* Begin XCConfigurationList section */
		93F35F8C2F989877009E8F06 /* Build configuration list for PBXProject "LSLP-iOS" */ = {
			isa = XCConfigurationList;
			buildConfigurations = (
				93F35FB02F989879009E8F06 /* Debug */,
				93F35FB12F989879009E8F06 /* Release */,
			);
			defaultConfigurationIsVisible = 0;
			defaultConfigurationName = Release;
		};
		93F35FB22F989879009E8F06 /* Build configuration list for PBXNativeTarget "LSLP-iOS" */ = {
			isa = XCConfigurationList;
			buildConfigurations = (
				93F35FB32F989879009E8F06 /* Debug */,
				93F35FB42F989879009E8F06 /* Release */,
			);
			defaultConfigurationIsVisible = 0;
			defaultConfigurationName = Release;
		};
		93F35FB52F989879009E8F06 /* Build configuration list for PBXNativeTarget "LSLP-iOSTests" */ = {
			isa = XCConfigurationList;
			buildConfigurations = (
				93F35FB62F989879009E8F06 /* Debug */,
				93F35FB72F989879009E8F06 /* Release */,
			);
			defaultConfigurationIsVisible = 0;
			defaultConfigurationName = Release;
		};
		93F35FB82F989879009E8F06 /* Build configuration list for PBXNativeTarget "LSLP-iOSUITests" */ = {
			isa = XCConfigurationList;
			buildConfigurations = (
				93F35FB92F989879009E8F06 /* Debug */,
				93F35FBA2F989879009E8F06 /* Release */,
			);
			defaultConfigurationIsVisible = 0;
			defaultConfigurationName = Release;
		};
/* End XCConfigurationList section */
	};
	rootObject = 93F35F892F989877009E8F06 /* Project object */;
}
